github.com/jbarham/primegen v0.0.0-20200302115600-8ce4838491a0 h1:1icIF7p+KYk5pJ2f9kv2xZy8HxNXoWj2PkKO0EovqTE=
github.com/jbarham/primegen v0.0.0-20200302115600-8ce4838491a0/go.mod h1:Airb7uqSrSAayrH8p4ZE/b6QfKuoWMv7WoSfMtF/3Lc=
github.com/klauspost/cpuid/v2 v2.2.8 h1:+StwCXwm9PdpiEkPyzBXIy+M9KUb4ODm0Zarf1kS5BM=
github.com/klauspost/cpuid/v2 v2.2.8/go.mod h1:Lcz8mBdAVJIBVzewtcLocK12l3Y+JytZYpaMropDUws=
github.com/neurlang/NumToWordsGo v0.0.0-20250407021724-7b23483906ba h1:J4Va/KRy48MHEx0tCzaSPmk6pOVpUr0fxDc8P71qFgU=
github.com/neurlang/NumToWordsGo v0.0.0-20250407021724-7b23483906ba/go.mod h1:CGbQKJZ89UJH2dtv2phUGy8iqAa2zwom3KdWpADVfZQ=
github.com/neurlang/quaternary v0.1.1 h1:9pF/dTDM+KWHuDTlv0AN1RTS30Q3ekys1B0nNRU8f0w=
github.com/neurlang/quaternary v0.1.1/go.mod h1:yP32mjSy4ataxp2pwQ+RXUQoD0byfW50vzBjXs8GY5Y=
golang.org/x/sys v0.5.0 h1:MUK/U/4lj1t1oPg0HfuXDN/Z1wv31ZJ/YcPiGccS4DU=
golang.org/x/sys v0.5.0/go.mod h1:oPkhp1MJrh7nUepCBck5+mAzfO9JrbApNNgaTdGDITg=
